
Microsoft Visual Studio Solution File, Format Version 12.00
# Visual Studio Version 17
VisualStudioVersion = 17.3.32804.467
MinimumVisualStudioVersion = 10.0.40219.1
Project("{9A19103F-16F7-4668-BE54-9A1E7A4F7556}") = "MyApi", "MyApi\MyApi.csproj", "{769298EA-1F3C-4F00-A01F-D139293B2040}"
EndProject
Project("{2150E333-8FDC-42A3-9474-1A3956D46DE8}") = "Elementos de la solución", "Elementos de la solución", "{76AFD28C-7148-41FE-B61D-25A9115AD2AF}"
	ProjectSection(SolutionItems) = preProject
		.gitignore = .gitignore
	EndProjectSection
EndProject
Global
	GlobalSection(SolutionConfigurationPlatforms) = preSolution
		Debug|Any CPU = Debug|Any CPU
		Release|Any CPU = Release|Any CPU
	EndGlobalSection
	GlobalSection(ProjectConfigurationPlatforms) = postSolution
		{769298EA-1F3C-4F00-A01F-D139293B2040}.Debug|Any CPU.ActiveCfg = Debug|Any CPU
		{769298EA-1F3C-4F00-A01F-D139293B2040}.Debug|Any CPU.Build.0 = Debug|Any CPU
		{769298EA-1F3C-4F00-A01F-D139293B2040}.Release|Any CPU.ActiveCfg = Release|Any CPU
		{769298EA-1F3C-4F00-A01F-D139293B2040}.Release|Any CPU.Build.0 = Release|Any CPU
	EndGlobalSection
	GlobalSection(SolutionProperties) = preSolution
		HideSolutionNode = FALSE
	EndGlobalSection
	GlobalSection(ExtensibilityGlobals) = postSolution
		SolutionGuid = {4B0EF1A4-4316-40BF-BFC6-09B0368D694A}
	EndGlobalSection
EndGlobal
